{
  "name": "create-kernelo",
  "version": "3.1.3",
  "lockfileVersion": 3,
  "requires": true,
  "packages": {
    "": {
      "name": "create-kernelo",
      "version": "3.1.3",
      "license": "MIT",
      "dependencies": {
        "kernelo": "^2.1.2"
      },
      "bin": {
        "kernelo": "core/cli.js"
      }
    },
    "node_modules/kernelo": {
      "version": "2.1.2",
      "resolved": "https://registry.npmjs.org/kernelo/-/kernelo-2.1.2.tgz",
      "integrity": "sha512-SmlysqdhhhhbtYxWG8gZzaBO4lM2Ik+CenuILJiO8Puf7w1frrjC+nYKZubt0zyq14bCKt3NGVFu8cTiav4X6Q==",
      "dependencies": {
        "kernelo": "^2.1.2"
      },
      "bin": {
        "kernelo": "core/cli.js"
      }
    }
  }
}
